
Microsoft Visual Studio Solution File, Format Version 11.00
# Visual Studio 2010
Project("{FAE04EC0-301F-11D3-BF4B-00C04F79EFBC}") = "MineSweeperGUI", "MineSweeperGUI\MineSweeperGUI.csproj", "{7F0322FD-5059-4F17-8F56-2D83D2099524}"
EndProject
Global
	GlobalSection(SolutionConfigurationPlatforms) = preSolution
		Debug|x86 = Debug|x86
		Release|x86 = Release|x86
	EndGlobalSection
	GlobalSection(ProjectConfigurationPlatforms) = postSolution
		{7F0322FD-5059-4F17-8F56-2D83D2099524}.Debug|x86.ActiveCfg = Debug|x86
		{7F0322FD-5059-4F17-8F56-2D83D2099524}.Debug|x86.Build.0 = Debug|x86
		{7F0322FD-5059-4F17-8F56-2D83D2099524}.Release|x86.ActiveCfg = Release|x86
		{7F0322FD-5059-4F17-8F56-2D83D2099524}.Release|x86.Build.0 = Release|x86
	EndGlobalSection
	GlobalSection(SolutionProperties) = preSolution
		HideSolutionNode = FALSE
	EndGlobalSection
EndGlobal
